{
    "name": "norfolkjs.github.io",
    "version": "1.0.0",
    "lockfileVersion": 2,
    "requires": true,
    "packages": {
        "": {
            "name": "norfolkjs.github.io",
            "version": "1.0.0",
            "license": "ISC",
            "devDependencies": {
                "yelk": "file:./../yelk"
            },
            "engines": {
                "node": ">=18",
                "npm": ">=8"
            }
        },
        "../../../src/utils": {
            "extraneous": true
        },
        "../yelk": {
            "name": "yelk.js",
            "version": "1.0.0",
            "dev": true,
            "hasInstallScript": true,
            "license": "ISC",
            "dependencies": {
                "chalk": "^4.1.2",
                "chokidar": "^3.6.0",
                "commander": "^12.0.0",
                "dotenv": "^16.4.4",
                "gh-pages": "^6.0.0",
                "handlebars": "^4.7.8",
                "marked": "^10.0.0",
                "moment": "^2.30.1"
            },
            "bin": {
                "yelk": "dist/index.js"
            },
            "devDependencies": {
                "@types/node": "^20.11.19",
                "eslint": "^8.54.0",
                "typescript": "^5.3.3"
            },
            "engines": {
                "node": ">=18",
                "npm": ">=8"
            }
        },
        "node_modules/yelk": {
            "resolved": "../yelk",
            "link": true
        },
        "src/utils": {
            "extraneous": true
        }
    },
    "dependencies": {
        "yelk": {
            "version": "file:../yelk",
            "requires": {
                "@types/node": "^20.11.19",
                "chalk": "^4.1.2",
                "chokidar": "^3.6.0",
                "commander": "^12.0.0",
                "dotenv": "^16.4.4",
                "eslint": "^8.54.0",
                "gh-pages": "^6.0.0",
                "handlebars": "^4.7.8",
                "marked": "^10.0.0",
                "moment": "^2.30.1",
                "typescript": "^5.3.3"
            }
        }
    }
}
